{
  "originHash" : "72052a834c48ade9c6de60c9a007d1bfd09eb669d46a07c9a92405ba8a9508f9",
  "pins" : [
    {
      "identity" : "alamofire",
      "kind" : "remoteSourceControl",
      "location" : "https://github.com/Alamofire/Alamofire",
      "state" : {
        "revision" : "f455c2975872ccd2d9c81594c658af65716e9b9a",
        "version" : "5.9.1"
      }
    },
    {
      "identity" : "ios-maps-sdk",
      "kind" : "remoteSourceControl",
      "location" : "https://github.com/googlemaps/ios-maps-sdk",
      "state" : {
        "revision" : "3786e5028d868482ef88140117d33efd60828300",
        "version" : "9.1.1"
      }
    },
    {
      "identity" : "ios-places-sdk",
      "kind" : "remoteSourceControl",
      "location" : "https://github.com/googlemaps/ios-places-sdk",
      "state" : {
        "revision" : "7b3af6b3087b183444f6cb51dd80d416c98f9e53",
        "version" : "9.1.0"
      }
    },
    {
      "identity" : "lottie-ios",
      "kind" : "remoteSourceControl",
      "location" : "https://github.com/airbnb/lottie-ios",
      "state" : {
        "revision" : "fe4c6fe3a0aa66cdeb51d549623c82ca9704b9a5",
        "version" : "4.5.0"
      }
    }
  ],
  "version" : 3
}
