// !$*UTF8*$!
{
	archiveVersion = 1;
	classes = {
	};
	objectVersion = 56;
	objects = {

/* Begin PBXBuildFile section */
		3F04757E2C635A240051D257 /* AppDelegate.swift in Sources */ = {isa = PBXBuildFile; fileRef = 3F04757D2C635A240051D257 /* AppDelegate.swift */; };
		3F4AA1DC2C750343000E7E60 /* Route.swift in Sources */ = {isa = PBXBuildFile; fileRef = 3F4AA1DB2C750343000E7E60 /* Route.swift */; };
		3F4AA1DE2C75C873000E7E60 /* RouteView.swift in Sources */ = {isa = PBXBuildFile; fileRef = 3F4AA1DD2C75C873000E7E60 /* RouteView.swift */; };
		3F4AA1E22C75CD46000E7E60 /* RoutesViewModel.swift in Sources */ = {isa = PBXBuildFile; fileRef = 3F4AA1E12C75CD46000E7E60 /* RoutesViewModel.swift */; };
		3F4AA1E42C772F4B000E7E60 /* MapViewControllerRepresentable.swift in Sources */ = {isa = PBXBuildFile; fileRef = 3F4AA1E32C772F4B000E7E60 /* MapViewControllerRepresentable.swift */; };
		3F4AA1E62C77304F000E7E60 /* MapViewController.swift in Sources */ = {isa = PBXBuildFile; fileRef = 3F4AA1E52C77304F000E7E60 /* MapViewController.swift */; };
		3F4AA1E92C7730C6000E7E60 /* GooglePlaces in Frameworks */ = {isa = PBXBuildFile; productRef = 3F4AA1E82C7730C6000E7E60 /* GooglePlaces */; };
		3F4AA1EC2C7730D8000E7E60 /* GoogleMaps in Frameworks */ = {isa = PBXBuildFile; productRef = 3F4AA1EB2C7730D8000E7E60 /* GoogleMaps */; };
		3FA4F4852C7CC725005F12F8 /* MapView.swift in Sources */ = {isa = PBXBuildFile; fileRef = 3FA4F4842C7CC725005F12F8 /* MapView.swift */; };
		3FBE398B2C9E12F700F8FC43 /* apiKeys.swift in Sources */ = {isa = PBXBuildFile; fileRef = 3FBE398A2C9E12F700F8FC43 /* apiKeys.swift */; };
		3FBE398D2C9EA77E00F8FC43 /* Place.swift in Sources */ = {isa = PBXBuildFile; fileRef = 3FBE398C2C9EA77E00F8FC43 /* Place.swift */; };
		3FBE39902C9F5C8D00F8FC43 /* Extensions.swift in Sources */ = {isa = PBXBuildFile; fileRef = 3FBE398F2C9F5C8C00F8FC43 /* Extensions.swift */; };
		3FBE399B2CA161F200F8FC43 /* Notification.swift in Sources */ = {isa = PBXBuildFile; fileRef = 3FBE399A2CA161F200F8FC43 /* Notification.swift */; };
		3FBE399E2CA1AF5900F8FC43 /* PlacesViewModel.swift in Sources */ = {isa = PBXBuildFile; fileRef = 3FBE399D2CA1AF5900F8FC43 /* PlacesViewModel.swift */; };
		3FBE39A02CA1DB8900F8FC43 /* Call.swift in Sources */ = {isa = PBXBuildFile; fileRef = 3FBE399F2CA1DB8900F8FC43 /* Call.swift */; };
		3FECF26D2C5F476A00B935F0 /* BusStopNotifierApp.swift in Sources */ = {isa = PBXBuildFile; fileRef = 3FECF26C2C5F476A00B935F0 /* BusStopNotifierApp.swift */; };
		3FECF2712C5F476B00B935F0 /* Assets.xcassets in Resources */ = {isa = PBXBuildFile; fileRef = 3FECF2702C5F476B00B935F0 /* Assets.xcassets */; };
		3FECF2742C5F476B00B935F0 /* Preview Assets.xcassets in Resources */ = {isa = PBXBuildFile; fileRef = 3FECF2732C5F476B00B935F0 /* Preview Assets.xcassets */; };
		3FECF2862C5F5EEC00B935F0 /* Lottie in Frameworks */ = {isa = PBXBuildFile; productRef = 3FECF2852C5F5EEC00B935F0 /* Lottie */; };
		3FECF28A2C5FB98000B935F0 /* OnboardingView.swift in Sources */ = {isa = PBXBuildFile; fileRef = 3FECF2892C5FB98000B935F0 /* OnboardingView.swift */; };
		3FECF28C2C5FB9CF00B935F0 /* OnboardingReusableView.swift in Sources */ = {isa = PBXBuildFile; fileRef = 3FECF28B2C5FB9CF00B935F0 /* OnboardingReusableView.swift */; };
		3FECF28E2C5FE7F400B935F0 /* HomeView.swift in Sources */ = {isa = PBXBuildFile; fileRef = 3FECF28D2C5FE7F400B935F0 /* HomeView.swift */; };
/* End PBXBuildFile section */

/* Begin PBXFileReference section */
		3F04757D2C635A240051D257 /* AppDelegate.swift */ = {isa = PBXFileReference; lastKnownFileType = sourcecode.swift; path = AppDelegate.swift; sourceTree = "<group>"; };
		3F4AA1DB2C750343000E7E60 /* Route.swift */ = {isa = PBXFileReference; lastKnownFileType = sourcecode.swift; path = Route.swift; sourceTree = "<group>"; };
		3F4AA1DD2C75C873000E7E60 /* RouteView.swift */ = {isa = PBXFileReference; lastKnownFileType = sourcecode.swift; path = RouteView.swift; sourceTree = "<group>"; };
		3F4AA1E12C75CD46000E7E60 /* RoutesViewModel.swift */ = {isa = PBXFileReference; lastKnownFileType = sourcecode.swift; path = RoutesViewModel.swift; sourceTree = "<group>"; };
		3F4AA1E32C772F4B000E7E60 /* MapViewControllerRepresentable.swift */ = {isa = PBXFileReference; lastKnownFileType = sourcecode.swift; path = MapViewControllerRepresentable.swift; sourceTree = "<group>"; };
		3F4AA1E52C77304F000E7E60 /* MapViewController.swift */ = {isa = PBXFileReference; lastKnownFileType = sourcecode.swift; path = MapViewController.swift; sourceTree = "<group>"; };
		3FA4F4842C7CC725005F12F8 /* MapView.swift */ = {isa = PBXFileReference; lastKnownFileType = sourcecode.swift; path = MapView.swift; sourceTree = "<group>"; };
		3FBE398A2C9E12F700F8FC43 /* apiKeys.swift */ = {isa = PBXFileReference; lastKnownFileType = sourcecode.swift; path = apiKeys.swift; sourceTree = "<group>"; };
		3FBE398C2C9EA77E00F8FC43 /* Place.swift */ = {isa = PBXFileReference; lastKnownFileType = sourcecode.swift; path = Place.swift; sourceTree = "<group>"; };
		3FBE398E2C9F3F9900F8FC43 /* Info.plist */ = {isa = PBXFileReference; lastKnownFileType = text.plist; path = Info.plist; sourceTree = "<group>"; };
		3FBE398F2C9F5C8C00F8FC43 /* Extensions.swift */ = {isa = PBXFileReference; lastKnownFileType = sourcecode.swift; path = Extensions.swift; sourceTree = "<group>"; };
		3FBE399A2CA161F200F8FC43 /* Notification.swift */ = {isa = PBXFileReference; lastKnownFileType = sourcecode.swift; path = Notification.swift; sourceTree = "<group>"; };
		3FBE399D2CA1AF5900F8FC43 /* PlacesViewModel.swift */ = {isa = PBXFileReference; lastKnownFileType = sourcecode.swift; path = PlacesViewModel.swift; sourceTree = "<group>"; };
		3FBE399F2CA1DB8900F8FC43 /* Call.swift */ = {isa = PBXFileReference; lastKnownFileType = sourcecode.swift; path = Call.swift; sourceTree = "<group>"; };
		3FECF2692C5F476A00B935F0 /* BusStopNotifier.app */ = {isa = PBXFileReference; explicitFileType = wrapper.application; includeInIndex = 0; path = BusStopNotifier.app; sourceTree = BUILT_PRODUCTS_DIR; };
		3FECF26C2C5F476A00B935F0 /* BusStopNotifierApp.swift */ = {isa = PBXFileReference; lastKnownFileType = sourcecode.swift; path = BusStopNotifierApp.swift; sourceTree = "<group>"; };
		3FECF2702C5F476B00B935F0 /* Assets.xcassets */ = {isa = PBXFileReference; lastKnownFileType = folder.assetcatalog; path = Assets.xcassets; sourceTree = "<group>"; };
		3FECF2732C5F476B00B935F0 /* Preview Assets.xcassets */ = {isa = PBXFileReference; lastKnownFileType = folder.assetcatalog; path = "Preview Assets.xcassets"; sourceTree = "<group>"; };
		3FECF2892C5FB98000B935F0 /* OnboardingView.swift */ = {isa = PBXFileReference; lastKnownFileType = sourcecode.swift; path = OnboardingView.swift; sourceTree = "<group>"; };
		3FECF28B2C5FB9CF00B935F0 /* OnboardingReusableView.swift */ = {isa = PBXFileReference; lastKnownFileType = sourcecode.swift; path = OnboardingReusableView.swift; sourceTree = "<group>"; };
		3FECF28D2C5FE7F400B935F0 /* HomeView.swift */ = {isa = PBXFileReference; lastKnownFileType = sourcecode.swift; path = HomeView.swift; sourceTree = "<group>"; };
/* End PBXFileReference section */

/* Begin PBXFrameworksBuildPhase section */
		3FECF2662C5F476A00B935F0 /* Frameworks */ = {
			isa = PBXFrameworksBuildPhase;
			buildActionMask = 2147483647;
			files = (
				3FECF2862C5F5EEC00B935F0 /* Lottie in Frameworks */,
				3F4AA1E92C7730C6000E7E60 /* GooglePlaces in Frameworks */,
				3F4AA1EC2C7730D8000E7E60 /* GoogleMaps in Frameworks */,
			);
			runOnlyForDeploymentPostprocessing = 0;
		};
/* End PBXFrameworksBuildPhase section */

/* Begin PBXGroup section */
		3F4AA1D92C74A087000E7E60 /* Views */ = {
			isa = PBXGroup;
			children = (
				3FECF28D2C5FE7F400B935F0 /* HomeView.swift */,
			);
			path = Views;
			sourceTree = "<group>";
		};
		3F4AA1DA2C74A08C000E7E60 /* Models */ = {
			isa = PBXGroup;
			children = (
				3F4AA1DB2C750343000E7E60 /* Route.swift */,
				3FBE398C2C9EA77E00F8FC43 /* Place.swift */,
			);
			path = Models;
			sourceTree = "<group>";
		};
		3F4AA1DF2C75CD29000E7E60 /* ViewModel */ = {
			isa = PBXGroup;
			children = (
				3F4AA1E12C75CD46000E7E60 /* RoutesViewModel.swift */,
			);
			path = ViewModel;
			sourceTree = "<group>";
		};
		3FBE39912CA063CF00F8FC43 /* Views */ = {
			isa = PBXGroup;
			children = (
				3F4AA1E32C772F4B000E7E60 /* MapViewControllerRepresentable.swift */,
				3F4AA1E52C77304F000E7E60 /* MapViewController.swift */,
				3FA4F4842C7CC725005F12F8 /* MapView.swift */,
			);
			path = Views;
			sourceTree = "<group>";
		};
		3FBE39932CA0662E00F8FC43 /* Route */ = {
			isa = PBXGroup;
			children = (
				3FBE399C2CA1AF4500F8FC43 /* ViewModels */,
				3F4AA1DA2C74A08C000E7E60 /* Models */,
				3FBE39942CA0663700F8FC43 /* Views */,
			);
			path = Route;
			sourceTree = "<group>";
		};
		3FBE39942CA0663700F8FC43 /* Views */ = {
			isa = PBXGroup;
			children = (
				3F4AA1DD2C75C873000E7E60 /* RouteView.swift */,
			);
			path = Views;
			sourceTree = "<group>";
		};
		3FBE39952CA0677B00F8FC43 /* Services */ = {
			isa = PBXGroup;
			children = (
				3FBE399A2CA161F200F8FC43 /* Notification.swift */,
				3FBE399F2CA1DB8900F8FC43 /* Call.swift */,
			);
			path = Services;
			sourceTree = "<group>";
		};
		3FBE399C2CA1AF4500F8FC43 /* ViewModels */ = {
			isa = PBXGroup;
			children = (
				3FBE399D2CA1AF5900F8FC43 /* PlacesViewModel.swift */,
			);
			path = ViewModels;
			sourceTree = "<group>";
		};
		3FECF2602C5F476A00B935F0 = {
			isa = PBXGroup;
			children = (
				3FECF26B2C5F476A00B935F0 /* BusStopNotifier */,
				3FECF26A2C5F476A00B935F0 /* Products */,
			);
			sourceTree = "<group>";
		};
		3FECF26A2C5F476A00B935F0 /* Products */ = {
			isa = PBXGroup;
			children = (
				3FECF2692C5F476A00B935F0 /* BusStopNotifier.app */,
			);
			name = Products;
			sourceTree = "<group>";
		};
		3FECF26B2C5F476A00B935F0 /* BusStopNotifier */ = {
			isa = PBXGroup;
			children = (
				3FBE39952CA0677B00F8FC43 /* Services */,
				3FBE398E2C9F3F9900F8FC43 /* Info.plist */,
				3FECF27B2C5F500D00B935F0 /* Base */,
				3FECF27A2C5F500800B935F0 /* Features */,
				3FECF2722C5F476B00B935F0 /* Preview Content */,
				3FECF26C2C5F476A00B935F0 /* BusStopNotifierApp.swift */,
				3FECF2702C5F476B00B935F0 /* Assets.xcassets */,
				3F04757D2C635A240051D257 /* AppDelegate.swift */,
				3FBE398A2C9E12F700F8FC43 /* apiKeys.swift */,
				3FBE398F2C9F5C8C00F8FC43 /* Extensions.swift */,
			);
			path = BusStopNotifier;
			sourceTree = "<group>";
		};
		3FECF2722C5F476B00B935F0 /* Preview Content */ = {
			isa = PBXGroup;
			children = (
				3FECF2732C5F476B00B935F0 /* Preview Assets.xcassets */,
			);
			path = "Preview Content";
			sourceTree = "<group>";
		};
		3FECF27A2C5F500800B935F0 /* Features */ = {
			isa = PBXGroup;
			children = (
				3FBE39932CA0662E00F8FC43 /* Route */,
				3FECF27F2C5F517F00B935F0 /* Map */,
				3FECF27E2C5F517200B935F0 /* MainPage */,
				3FECF27D2C5F516C00B935F0 /* Onboarding */,
			);
			path = Features;
			sourceTree = "<group>";
		};
		3FECF27B2C5F500D00B935F0 /* Base */ = {
			isa = PBXGroup;
			children = (
				3FECF28B2C5FB9CF00B935F0 /* OnboardingReusableView.swift */,
			);
			path = Base;
			sourceTree = "<group>";
		};
		3FECF27D2C5F516C00B935F0 /* Onboarding */ = {
			isa = PBXGroup;
			children = (
				3FECF2812C5F56D300B935F0 /* Views */,
			);
			path = Onboarding;
			sourceTree = "<group>";
		};
		3FECF27E2C5F517200B935F0 /* MainPage */ = {
			isa = PBXGroup;
			children = (
				3F4AA1DF2C75CD29000E7E60 /* ViewModel */,
				3F4AA1D92C74A087000E7E60 /* Views */,
			);
			path = MainPage;
			sourceTree = "<group>";
		};
		3FECF27F2C5F517F00B935F0 /* Map */ = {
			isa = PBXGroup;
			children = (
				3FBE39912CA063CF00F8FC43 /* Views */,
			);
			path = Map;
			sourceTree = "<group>";
		};
		3FECF2812C5F56D300B935F0 /* Views */ = {
			isa = PBXGroup;
			children = (
				3FECF2892C5FB98000B935F0 /* OnboardingView.swift */,
			);
			path = Views;
			sourceTree = "<group>";
		};
/* End PBXGroup section */

/* Begin PBXNativeTarget section */
		3FECF2682C5F476A00B935F0 /* BusStopNotifier */ = {
			isa = PBXNativeTarget;
			buildConfigurationList = 3FECF2772C5F476B00B935F0 /* Build configuration list for PBXNativeTarget "BusStopNotifier" */;
			buildPhases = (
				3FECF2652C5F476A00B935F0 /* Sources */,
				3FECF2662C5F476A00B935F0 /* Frameworks */,
				3FECF2672C5F476A00B935F0 /* Resources */,
			);
			buildRules = (
			);
			dependencies = (
			);
			name = BusStopNotifier;
			packageProductDependencies = (
				3FECF2852C5F5EEC00B935F0 /* Lottie */,
				3F4AA1E82C7730C6000E7E60 /* GooglePlaces */,
				3F4AA1EB2C7730D8000E7E60 /* GoogleMaps */,
			);
			productName = BusStopNotifier;
			productReference = 3FECF2692C5F476A00B935F0 /* BusStopNotifier.app */;
			productType = "com.apple.product-type.application";
		};
/* End PBXNativeTarget section */

/* Begin PBXProject section */
		3FECF2612C5F476A00B935F0 /* Project object */ = {
			isa = PBXProject;
			attributes = {
				BuildIndependentTargetsInParallel = 1;
				LastSwiftUpdateCheck = 1520;
				LastUpgradeCheck = 1520;
				TargetAttributes = {
					3FECF2682C5F476A00B935F0 = {
						CreatedOnToolsVersion = 15.2;
					};
				};
			};
			buildConfigurationList = 3FECF2642C5F476A00B935F0 /* Build configuration list for PBXProject "BusStopNotifier" */;
			compatibilityVersion = "Xcode 14.0";
			developmentRegion = en;
			hasScannedForEncodings = 0;
			knownRegions = (
				en,
				Base,
			);
			mainGroup = 3FECF2602C5F476A00B935F0;
			packageReferences = (
				3FECF2842C5F5EEC00B935F0 /* XCRemoteSwiftPackageReference "lottie-ios" */,
				3F4AA1E72C7730C6000E7E60 /* XCRemoteSwiftPackageReference "ios-places-sdk" */,
				3F4AA1EA2C7730D8000E7E60 /* XCRemoteSwiftPackageReference "ios-maps-sdk" */,
			);
			productRefGroup = 3FECF26A2C5F476A00B935F0 /* Products */;
			projectDirPath = "";
			projectRoot = "";
			targets = (
				3FECF2682C5F476A00B935F0 /* BusStopNotifier */,
			);
		};
/* End PBXProject section */

/* Begin PBXResourcesBuildPhase section */
		3FECF2672C5F476A00B935F0 /* Resources */ = {
			isa = PBXResourcesBuildPhase;
			buildActionMask = 2147483647;
			files = (
				3FECF2742C5F476B00B935F0 /* Preview Assets.xcassets in Resources */,
				3FECF2712C5F476B00B935F0 /* Assets.xcassets in Resources */,
			);
			runOnlyForDeploymentPostprocessing = 0;
		};
/* End PBXResourcesBuildPhase section */

/* Begin PBXSourcesBuildPhase section */
		3FECF2652C5F476A00B935F0 /* Sources */ = {
			isa = PBXSourcesBuildPhase;
			buildActionMask = 2147483647;
			files = (
				3F4AA1E62C77304F000E7E60 /* MapViewController.swift in Sources */,
				3FBE399E2CA1AF5900F8FC43 /* PlacesViewModel.swift in Sources */,
				3F4AA1DC2C750343000E7E60 /* Route.swift in Sources */,
				3F04757E2C635A240051D257 /* AppDelegate.swift in Sources */,
				3FA4F4852C7CC725005F12F8 /* MapView.swift in Sources */,
				3FBE399B2CA161F200F8FC43 /* Notification.swift in Sources */,
				3FECF28C2C5FB9CF00B935F0 /* OnboardingReusableView.swift in Sources */,
				3F4AA1E42C772F4B000E7E60 /* MapViewControllerRepresentable.swift in Sources */,
				3FECF28A2C5FB98000B935F0 /* OnboardingView.swift in Sources */,
				3FBE398B2C9E12F700F8FC43 /* apiKeys.swift in Sources */,
				3FBE398D2C9EA77E00F8FC43 /* Place.swift in Sources */,
				3F4AA1DE2C75C873000E7E60 /* RouteView.swift in Sources */,
				3FBE39902C9F5C8D00F8FC43 /* Extensions.swift in Sources */,
				3FBE39A02CA1DB8900F8FC43 /* Call.swift in Sources */,
				3FECF28E2C5FE7F400B935F0 /* HomeView.swift in Sources */,
				3F4AA1E22C75CD46000E7E60 /* RoutesViewModel.swift in Sources */,
				3FECF26D2C5F476A00B935F0 /* BusStopNotifierApp.swift in Sources */,
			);
			runOnlyForDeploymentPostprocessing = 0;
		};
/* End PBXSourcesBuildPhase section */

/* Begin XCBuildConfiguration section */
		3FECF2752C5F476B00B935F0 /* Debug */ = {
			isa = XCBuildConfiguration;
			buildSettings = {
				ALWAYS_SEARCH_USER_PATHS = NO;
				ASSETCATALOG_COMPILER_GENERATE_SWIFT_ASSET_SYMBOL_EXTENSIONS = YES;
				CLANG_ANALYZER_NONNULL = YES;
				CLANG_ANALYZER_NUMBER_OBJECT_CONVERSION = YES_AGGRESSIVE;
				CLANG_CXX_LANGUAGE_STANDARD = "gnu++20";
				CLANG_ENABLE_MODULES = YES;
				CLANG_ENABLE_OBJC_ARC = YES;
				CLANG_ENABLE_OBJC_WEAK = YES;
				CLANG_WARN_BLOCK_CAPTURE_AUTORELEASING = YES;
				CLANG_WARN_BOOL_CONVERSION = YES;
				CLANG_WARN_COMMA = YES;
				CLANG_WARN_CONSTANT_CONVERSION = YES;
				CLANG_WARN_DEPRECATED_OBJC_IMPLEMENTATIONS = YES;
				CLANG_WARN_DIRECT_OBJC_ISA_USAGE = YES_ERROR;
				CLANG_WARN_DOCUMENTATION_COMMENTS = YES;
				CLANG_WARN_EMPTY_BODY = YES;
				CLANG_WARN_ENUM_CONVERSION = YES;
				CLANG_WARN_INFINITE_RECURSION = YES;
				CLANG_WARN_INT_CONVERSION = YES;
				CLANG_WARN_NON_LITERAL_NULL_CONVERSION = YES;
				CLANG_WARN_OBJC_IMPLICIT_RETAIN_SELF = YES;
				CLANG_WARN_OBJC_LITERAL_CONVERSION = YES;
				CLANG_WARN_OBJC_ROOT_CLASS = YES_ERROR;
				CLANG_WARN_QUOTED_INCLUDE_IN_FRAMEWORK_HEADER = YES;
				CLANG_WARN_RANGE_LOOP_ANALYSIS = YES;
				CLANG_WARN_STRICT_PROTOTYPES = YES;
				CLANG_WARN_SUSPICIOUS_MOVE = YES;
				CLANG_WARN_UNGUARDED_AVAILABILITY = YES_AGGRESSIVE;
				CLANG_WARN_UNREACHABLE_CODE = YES;
				CLANG_WARN__DUPLICATE_METHOD_MATCH = YES;
				COPY_PHASE_STRIP = NO;
				DEBUG_INFORMATION_FORMAT = dwarf;
				ENABLE_STRICT_OBJC_MSGSEND = YES;
				ENABLE_TESTABILITY = YES;
				ENABLE_USER_SCRIPT_SANDBOXING = YES;
				GCC_C_LANGUAGE_STANDARD = gnu17;
				GCC_DYNAMIC_NO_PIC = NO;
				GCC_NO_COMMON_BLOCKS = YES;
				GCC_OPTIMIZATION_LEVEL = 0;
				GCC_PREPROCESSOR_DEFINITIONS = (
					"DEBUG=1",
					"$(inherited)",
				);
				GCC_WARN_64_TO_32_BIT_CONVERSION = YES;
				GCC_WARN_ABOUT_RETURN_TYPE = YES_ERROR;
				GCC_WARN_UNDECLARED_SELECTOR = YES;
				GCC_WARN_UNINITIALIZED_AUTOS = YES_AGGRESSIVE;
				GCC_WARN_UNUSED_FUNCTION = YES;
				GCC_WARN_UNUSED_VARIABLE = YES;
				IPHONEOS_DEPLOYMENT_TARGET = 17.2;
				LOCALIZATION_PREFERS_STRING_CATALOGS = YES;
				MTL_ENABLE_DEBUG_INFO = INCLUDE_SOURCE;
				MTL_FAST_MATH = YES;
				ONLY_ACTIVE_ARCH = YES;
				SDKROOT = iphoneos;
				SWIFT_ACTIVE_COMPILATION_CONDITIONS = "DEBUG $(inherited)";
				SWIFT_OPTIMIZATION_LEVEL = "-Onone";
			};
			name = Debug;
		};
		3FECF2762C5F476B00B935F0 /* Release */ = {
			isa = XCBuildConfiguration;
			buildSettings = {
				ALWAYS_SEARCH_USER_PATHS = NO;
				ASSETCATALOG_COMPILER_GENERATE_SWIFT_ASSET_SYMBOL_EXTENSIONS = YES;
				CLANG_ANALYZER_NONNULL = YES;
				CLANG_ANALYZER_NUMBER_OBJECT_CONVERSION = YES_AGGRESSIVE;
				CLANG_CXX_LANGUAGE_STANDARD = "gnu++20";
				CLANG_ENABLE_MODULES = YES;
				CLANG_ENABLE_OBJC_ARC = YES;
				CLANG_ENABLE_OBJC_WEAK = YES;
				CLANG_WARN_BLOCK_CAPTURE_AUTORELEASING = YES;
				CLANG_WARN_BOOL_CONVERSION = YES;
				CLANG_WARN_COMMA = YES;
				CLANG_WARN_CONSTANT_CONVERSION = YES;
				CLANG_WARN_DEPRECATED_OBJC_IMPLEMENTATIONS = YES;
				CLANG_WARN_DIRECT_OBJC_ISA_USAGE = YES_ERROR;
				CLANG_WARN_DOCUMENTATION_COMMENTS = YES;
				CLANG_WARN_EMPTY_BODY = YES;
				CLANG_WARN_ENUM_CONVERSION = YES;
				CLANG_WARN_INFINITE_RECURSION = YES;
				CLANG_WARN_INT_CONVERSION = YES;
				CLANG_WARN_NON_LITERAL_NULL_CONVERSION = YES;
				CLANG_WARN_OBJC_IMPLICIT_RETAIN_SELF = YES;
				CLANG_WARN_OBJC_LITERAL_CONVERSION = YES;
				CLANG_WARN_OBJC_ROOT_CLASS = YES_ERROR;
				CLANG_WARN_QUOTED_INCLUDE_IN_FRAMEWORK_HEADER = YES;
				CLANG_WARN_RANGE_LOOP_ANALYSIS = YES;
				CLANG_WARN_STRICT_PROTOTYPES = YES;
				CLANG_WARN_SUSPICIOUS_MOVE = YES;
				CLANG_WARN_UNGUARDED_AVAILABILITY = YES_AGGRESSIVE;
				CLANG_WARN_UNREACHABLE_CODE = YES;
				CLANG_WARN__DUPLICATE_METHOD_MATCH = YES;
				COPY_PHASE_STRIP = NO;
				DEBUG_INFORMATION_FORMAT = "dwarf-with-dsym";
				ENABLE_NS_ASSERTIONS = NO;
				ENABLE_STRICT_OBJC_MSGSEND = YES;
				ENABLE_USER_SCRIPT_SANDBOXING = YES;
				GCC_C_LANGUAGE_STANDARD = gnu17;
				GCC_NO_COMMON_BLOCKS = YES;
				GCC_WARN_64_TO_32_BIT_CONVERSION = YES;
				GCC_WARN_ABOUT_RETURN_TYPE = YES_ERROR;
				GCC_WARN_UNDECLARED_SELECTOR = YES;
				GCC_WARN_UNINITIALIZED_AUTOS = YES_AGGRESSIVE;
				GCC_WARN_UNUSED_FUNCTION = YES;
				GCC_WARN_UNUSED_VARIABLE = YES;
				IPHONEOS_DEPLOYMENT_TARGET = 17.2;
				LOCALIZATION_PREFERS_STRING_CATALOGS = YES;
				MTL_ENABLE_DEBUG_INFO = NO;
				MTL_FAST_MATH = YES;
				SDKROOT = iphoneos;
				SWIFT_COMPILATION_MODE = wholemodule;
				VALIDATE_PRODUCT = YES;
			};
			name = Release;
		};
		3FECF2782C5F476B00B935F0 /* Debug */ = {
			isa = XCBuildConfiguration;
			buildSettings = {
				ASSETCATALOG_COMPILER_APPICON_NAME = AppIcon;
				ASSETCATALOG_COMPILER_GLOBAL_ACCENT_COLOR_NAME = AccentColor;
				CODE_SIGN_STYLE = Automatic;
				CURRENT_PROJECT_VERSION = 1;
				DEVELOPMENT_ASSET_PATHS = "\"BusStopNotifier/Preview Content\"";
				DEVELOPMENT_TEAM = RHJ877LGY2;
				ENABLE_PREVIEWS = YES;
				ENABLE_USER_SCRIPT_SANDBOXING = NO;
				GENERATE_INFOPLIST_FILE = YES;
				INFOPLIST_FILE = BusStopNotifier/Info.plist;
				INFOPLIST_KEY_NSLocationAlwaysUsageDescription = "We need your location to show your current position on the map.";
				INFOPLIST_KEY_NSLocationWhenInUseUsageDescription = "We need your location to show your current position on the map.";
				INFOPLIST_KEY_UIApplicationSceneManifest_Generation = YES;
				INFOPLIST_KEY_UIApplicationSupportsIndirectInputEvents = YES;
				INFOPLIST_KEY_UILaunchScreen_Generation = YES;
				INFOPLIST_KEY_UISupportedInterfaceOrientations_iPad = "UIInterfaceOrientationPortrait UIInterfaceOrientationPortraitUpsideDown UIInterfaceOrientationLandscapeLeft UIInterfaceOrientationLandscapeRight";
				INFOPLIST_KEY_UISupportedInterfaceOrientations_iPhone = "UIInterfaceOrientationPortrait UIInterfaceOrientationLandscapeLeft UIInterfaceOrientationLandscapeRight";
				LD_RUNPATH_SEARCH_PATHS = (
					"$(inherited)",
					"@executable_path/Frameworks",
				);
				MARKETING_VERSION = 1.0;
				PRODUCT_BUNDLE_IDENTIFIER = com.dias.BusStopNotifier;
				PRODUCT_NAME = "$(TARGET_NAME)";
				SWIFT_EMIT_LOC_STRINGS = YES;
				SWIFT_VERSION = 5.0;
				TARGETED_DEVICE_FAMILY = "1,2";
			};
			name = Debug;
		};
		3FECF2792C5F476B00B935F0 /* Release */ = {
			isa = XCBuildConfiguration;
			buildSettings = {
				ASSETCATALOG_COMPILER_APPICON_NAME = AppIcon;
				ASSETCATALOG_COMPILER_GLOBAL_ACCENT_COLOR_NAME = AccentColor;
				CODE_SIGN_STYLE = Automatic;
				CURRENT_PROJECT_VERSION = 1;
				DEVELOPMENT_ASSET_PATHS = "\"BusStopNotifier/Preview Content\"";
				DEVELOPMENT_TEAM = RHJ877LGY2;
				ENABLE_PREVIEWS = YES;
				ENABLE_USER_SCRIPT_SANDBOXING = NO;
				GENERATE_INFOPLIST_FILE = YES;
				INFOPLIST_FILE = BusStopNotifier/Info.plist;
				INFOPLIST_KEY_NSLocationAlwaysUsageDescription = "We need your location to show your current position on the map.";
				INFOPLIST_KEY_NSLocationWhenInUseUsageDescription = "We need your location to show your current position on the map.";
				INFOPLIST_KEY_UIApplicationSceneManifest_Generation = YES;
				INFOPLIST_KEY_UIApplicationSupportsIndirectInputEvents = YES;
				INFOPLIST_KEY_UILaunchScreen_Generation = YES;
				INFOPLIST_KEY_UISupportedInterfaceOrientations_iPad = "UIInterfaceOrientationPortrait UIInterfaceOrientationPortraitUpsideDown UIInterfaceOrientationLandscapeLeft UIInterfaceOrientationLandscapeRight";
				INFOPLIST_KEY_UISupportedInterfaceOrientations_iPhone = "UIInterfaceOrientationPortrait UIInterfaceOrientationLandscapeLeft UIInterfaceOrientationLandscapeRight";
				LD_RUNPATH_SEARCH_PATHS = (
					"$(inherited)",
					"@executable_path/Frameworks",
				);
				MARKETING_VERSION = 1.0;
				PRODUCT_BUNDLE_IDENTIFIER = com.dias.BusStopNotifier;
				PRODUCT_NAME = "$(TARGET_NAME)";
				SWIFT_EMIT_LOC_STRINGS = YES;
				SWIFT_VERSION = 5.0;
				TARGETED_DEVICE_FAMILY = "1,2";
			};
			name = Release;
		};
/* End XCBuildConfiguration section */

/* Begin XCConfigurationList section */
		3FECF2642C5F476A00B935F0 /* Build configuration list for PBXProject "BusStopNotifier" */ = {
			isa = XCConfigurationList;
			buildConfigurations = (
				3FECF2752C5F476B00B935F0 /* Debug */,
				3FECF2762C5F476B00B935F0 /* Release */,
			);
			defaultConfigurationIsVisible = 0;
			defaultConfigurationName = Release;
		};
		3FECF2772C5F476B00B935F0 /* Build configuration list for PBXNativeTarget "BusStopNotifier" */ = {
			isa = XCConfigurationList;
			buildConfigurations = (
				3FECF2782C5F476B00B935F0 /* Debug */,
				3FECF2792C5F476B00B935F0 /* Release */,
			);
			defaultConfigurationIsVisible = 0;
			defaultConfigurationName = Release;
		};
/* End XCConfigurationList section */

/* Begin XCRemoteSwiftPackageReference section */
		3F4AA1E72C7730C6000E7E60 /* XCRemoteSwiftPackageReference "ios-places-sdk" */ = {
			isa = XCRemoteSwiftPackageReference;
			repositoryURL = "https://github.com/googlemaps/ios-places-sdk";
			requirement = {
				kind = upToNextMajorVersion;
				minimumVersion = 9.1.0;
			};
		};
		3F4AA1EA2C7730D8000E7E60 /* XCRemoteSwiftPackageReference "ios-maps-sdk" */ = {
			isa = XCRemoteSwiftPackageReference;
			repositoryURL = "https://github.com/googlemaps/ios-maps-sdk";
			requirement = {
				kind = upToNextMajorVersion;
				minimumVersion = 9.1.0;
			};
		};
		3FECF2842C5F5EEC00B935F0 /* XCRemoteSwiftPackageReference "lottie-ios" */ = {
			isa = XCRemoteSwiftPackageReference;
			repositoryURL = "https://github.com/airbnb/lottie-ios";
			requirement = {
				kind = upToNextMajorVersion;
				minimumVersion = 4.5.0;
			};
		};
/* End XCRemoteSwiftPackageReference section */

/* Begin XCSwiftPackageProductDependency section */
		3F4AA1E82C7730C6000E7E60 /* GooglePlaces */ = {
			isa = XCSwiftPackageProductDependency;
			package = 3F4AA1E72C7730C6000E7E60 /* XCRemoteSwiftPackageReference "ios-places-sdk" */;
			productName = GooglePlaces;
		};
		3F4AA1EB2C7730D8000E7E60 /* GoogleMaps */ = {
			isa = XCSwiftPackageProductDependency;
			package = 3F4AA1EA2C7730D8000E7E60 /* XCRemoteSwiftPackageReference "ios-maps-sdk" */;
			productName = GoogleMaps;
		};
		3FECF2852C5F5EEC00B935F0 /* Lottie */ = {
			isa = XCSwiftPackageProductDependency;
			package = 3FECF2842C5F5EEC00B935F0 /* XCRemoteSwiftPackageReference "lottie-ios" */;
			productName = Lottie;
		};
/* End XCSwiftPackageProductDependency section */
	};
	rootObject = 3FECF2612C5F476A00B935F0 /* Project object */;
}
